// !$*UTF8*$!
{
	archiveVersion = 1;
	classes = {
	};
	objectVersion = 56;
	objects = {

/* Begin PBXBuildFile section */
		IOSBDED39BF6D3A445989368 /* MediaType.swift in Sources (iOS) */ = {isa = PBXBuildFile; fileRef = FREF77F74E9A16BC4ADE92B1 /* MediaType.swift */; };
		IOSB1096946A50414BB28B5B /* StreamingProvider.swift in Sources (iOS) */ = {isa = PBXBuildFile; fileRef = FREFAC0CC0A4FA3C474792A5 /* StreamingProvider.swift */; };
		IOSBB1ECE7CB3F7C475C9863 /* VideoTrailer.swift in Sources (iOS) */ = {isa = PBXBuildFile; fileRef = FREF075F444453354878BD12 /* VideoTrailer.swift */; };
		IOSBFABCA36C56D84A4EB4ED /* CastMember.swift in Sources (iOS) */ = {isa = PBXBuildFile; fileRef = FREF2DFAF13FB8DF40A0A53A /* CastMember.swift */; };
		IOSB2C2769BE7A734FC9A5F1 /* MediaItem.swift in Sources (iOS) */ = {isa = PBXBuildFile; fileRef = FREF7CB19925A4EF46DE8789 /* MediaItem.swift */; };
		IOSB15ABCD5DCEA642C9B694 /* WatchlistRecord.swift in Sources (iOS) */ = {isa = PBXBuildFile; fileRef = FREF05F19D0CFFCF4A1D91D8 /* WatchlistRecord.swift */; };
		IOSB37094F900FC3472D92B5 /* GenreCategory.swift in Sources (iOS) */ = {isa = PBXBuildFile; fileRef = FREF9C7BE885212D41C6AD96 /* GenreCategory.swift */; };
		IOSB4292FA077C024D518C04 /* TMDBService.swift in Sources (iOS) */ = {isa = PBXBuildFile; fileRef = FREF3867AE11267444C595D0 /* TMDBService.swift */; };
		IOSB8FEC7498956F4A0F8F62 /* WatchlistStore.swift in Sources (iOS) */ = {isa = PBXBuildFile; fileRef = FREF050DAD5A40F44405BF1D /* WatchlistStore.swift */; };
		IOSBAC8BBCCA0CBA44F994CE /* DiscoveryEngine.swift in Sources (iOS) */ = {isa = PBXBuildFile; fileRef = FREFFE401627DF5242429D4C /* DiscoveryEngine.swift */; };
		IOSB8B20B1D20F6E4F7883A9 /* CachedAsyncImage.swift in Sources (iOS) */ = {isa = PBXBuildFile; fileRef = FREF75B483C8500B4DFE94D5 /* CachedAsyncImage.swift */; };
		IOSBDEFE281766FD406D94CF /* RatingBadge.swift in Sources (iOS) */ = {isa = PBXBuildFile; fileRef = FREF35FB191624DD488C968B /* RatingBadge.swift */; };
		IOSBF7A15DE95F0C4685AA1E /* StreamingProviderPill.swift in Sources (iOS) */ = {isa = PBXBuildFile; fileRef = FREFBF25CF3BA140416992F6 /* StreamingProviderPill.swift */; };
		IOSBE879F63F346D48BC9B97 /* PosterCardView.swift in Sources (iOS) */ = {isa = PBXBuildFile; fileRef = FREF495CF5BA693B4F21BAD0 /* PosterCardView.swift */; };
		IOSB7D9543D1FDF447BA9558 /* BackdropCardView.swift in Sources (iOS) */ = {isa = PBXBuildFile; fileRef = FREFA16C56E633A54083A14E /* BackdropCardView.swift */; };
		IOSB27C9A537A1954FAC86E2 /* TopTenCardView.swift in Sources (iOS) */ = {isa = PBXBuildFile; fileRef = FREFD8A8045ECE6A4A1BA417 /* TopTenCardView.swift */; };
		IOSBA413792218BE4BFD82CC /* StreamingPlatformTileView.swift in Sources (iOS) */ = {isa = PBXBuildFile; fileRef = FREFC2431C10E67445A499AE /* StreamingPlatformTileView.swift */; };
		IOSB69106EF81AAC4413B59F /* GenrePhotoCardView.swift in Sources (iOS) */ = {isa = PBXBuildFile; fileRef = FREF7955F475B517494D85FF /* GenrePhotoCardView.swift */; };
		IOSB104D0FC057B04D0B875C /* AnodeApp.swift in Sources (iOS) */ = {isa = PBXBuildFile; fileRef = FREF036DAF0A5F5D45A9884C /* AnodeApp.swift */; };
		IOSBD4605ED48A4E4847BACC /* MainTabView.swift in Sources (iOS) */ = {isa = PBXBuildFile; fileRef = FREF3A67031082F84117BBDB /* MainTabView.swift */; };
		IOSBD77736401F7C463CBC89 /* DiscoverView.swift in Sources (iOS) */ = {isa = PBXBuildFile; fileRef = FREF999DF30954244BEE931A /* DiscoverView.swift */; };
		IOSB71D438B8F25C49A38E2F /* StreamingPulseView.swift in Sources (iOS) */ = {isa = PBXBuildFile; fileRef = FREFE349FDDAC5664886B857 /* StreamingPulseView.swift */; };
		IOSBE12DCF5A52F3438EA683 /* SearchView.swift in Sources (iOS) */ = {isa = PBXBuildFile; fileRef = FREF07E14ADD5C0C40B7AF3E /* SearchView.swift */; };
		IOSB6980E03B7C964F75B1C2 /* WatchlistView.swift in Sources (iOS) */ = {isa = PBXBuildFile; fileRef = FREFBC5B0B1842294D92A756 /* WatchlistView.swift */; };
		IOSB4B4D52F8173E465BA899 /* MediaDetailView.swift in Sources (iOS) */ = {isa = PBXBuildFile; fileRef = FREF9FEB35BA75274925B1C6 /* MediaDetailView.swift */; };
		IOSB34E63D8659144F99BDD6 /* Assets.xcassets in Resources (iOS) */ = {isa = PBXBuildFile; fileRef = FREFAD0BACF606A84CD0BA0C /* Assets.xcassets */; };
		TVOB65DA74C6AACF4D97B76A /* MediaType.swift in Sources (tvOS) */ = {isa = PBXBuildFile; fileRef = FREF77F74E9A16BC4ADE92B1 /* MediaType.swift */; };
		TVOB720F1BD3725741D3A086 /* StreamingProvider.swift in Sources (tvOS) */ = {isa = PBXBuildFile; fileRef = FREFAC0CC0A4FA3C474792A5 /* StreamingProvider.swift */; };
		TVOB069BDD944E594880A0FF /* VideoTrailer.swift in Sources (tvOS) */ = {isa = PBXBuildFile; fileRef = FREF075F444453354878BD12 /* VideoTrailer.swift */; };
		TVOB8258FD092EED46D0A10D /* CastMember.swift in Sources (tvOS) */ = {isa = PBXBuildFile; fileRef = FREF2DFAF13FB8DF40A0A53A /* CastMember.swift */; };
		TVOB8BF370FA027C4B9A8CF9 /* MediaItem.swift in Sources (tvOS) */ = {isa = PBXBuildFile; fileRef = FREF7CB19925A4EF46DE8789 /* MediaItem.swift */; };
		TVOB49FA24B7B6F940C3B95E /* WatchlistRecord.swift in Sources (tvOS) */ = {isa = PBXBuildFile; fileRef = FREF05F19D0CFFCF4A1D91D8 /* WatchlistRecord.swift */; };
		TVOB5E1A9EA030814999A7A9 /* GenreCategory.swift in Sources (tvOS) */ = {isa = PBXBuildFile; fileRef = FREF9C7BE885212D41C6AD96 /* GenreCategory.swift */; };
		TVOB01E5274306EB4991A17E /* TMDBService.swift in Sources (tvOS) */ = {isa = PBXBuildFile; fileRef = FREF3867AE11267444C595D0 /* TMDBService.swift */; };
		TVOB73DB9AD66CC94D99B004 /* WatchlistStore.swift in Sources (tvOS) */ = {isa = PBXBuildFile; fileRef = FREF050DAD5A40F44405BF1D /* WatchlistStore.swift */; };
		TVOB9DF2371604144D05B3AD /* DiscoveryEngine.swift in Sources (tvOS) */ = {isa = PBXBuildFile; fileRef = FREFFE401627DF5242429D4C /* DiscoveryEngine.swift */; };
		TVOB31C84F5190F84631AF7B /* CachedAsyncImage.swift in Sources (tvOS) */ = {isa = PBXBuildFile; fileRef = FREF75B483C8500B4DFE94D5 /* CachedAsyncImage.swift */; };
		TVOB5C8BD03763CD41E79641 /* RatingBadge.swift in Sources (tvOS) */ = {isa = PBXBuildFile; fileRef = FREF35FB191624DD488C968B /* RatingBadge.swift */; };
		TVOB26733A8AB24A4283AB92 /* StreamingProviderPill.swift in Sources (tvOS) */ = {isa = PBXBuildFile; fileRef = FREFBF25CF3BA140416992F6 /* StreamingProviderPill.swift */; };
		TVOB9D3FDE40E0FA4DAC8962 /* PosterCardView.swift in Sources (tvOS) */ = {isa = PBXBuildFile; fileRef = FREF495CF5BA693B4F21BAD0 /* PosterCardView.swift */; };
		TVOBC027EDE47C73426E88B8 /* BackdropCardView.swift in Sources (tvOS) */ = {isa = PBXBuildFile; fileRef = FREFA16C56E633A54083A14E /* BackdropCardView.swift */; };
		TVOBF6AC9ACFA5724A07B4A2 /* TopTenCardView.swift in Sources (tvOS) */ = {isa = PBXBuildFile; fileRef = FREFD8A8045ECE6A4A1BA417 /* TopTenCardView.swift */; };
		TVOBD3EBBC4B231F4144BF8D /* StreamingPlatformTileView.swift in Sources (tvOS) */ = {isa = PBXBuildFile; fileRef = FREFC2431C10E67445A499AE /* StreamingPlatformTileView.swift */; };
		TVOB49A717DDC84748C1A79A /* GenrePhotoCardView.swift in Sources (tvOS) */ = {isa = PBXBuildFile; fileRef = FREF7955F475B517494D85FF /* GenrePhotoCardView.swift */; };
		TVOBB9C269A2CBE54F84B9D3 /* AnodeTVApp.swift in Sources (tvOS) */ = {isa = PBXBuildFile; fileRef = FREF626D07F1D7764E8D8185 /* AnodeTVApp.swift */; };
		TVOB2D5C74CBE16B4864BD81 /* TVHomeView.swift in Sources (tvOS) */ = {isa = PBXBuildFile; fileRef = FREF90C17042A046465390A1 /* TVHomeView.swift */; };
		TVOBFCBC3C1348CF4E6FA2EA /* TVMediaCardView.swift in Sources (tvOS) */ = {isa = PBXBuildFile; fileRef = FREFBBCD300CBB144E618889 /* TVMediaCardView.swift */; };
		TVOB4A2A211EEE8647D29040 /* TVMediaDetailView.swift in Sources (tvOS) */ = {isa = PBXBuildFile; fileRef = FREFD5EF0F6F32A743EFACC8 /* TVMediaDetailView.swift */; };
		TVOB3B413E7BB5F84D54B667 /* TVWatchlistView.swift in Sources (tvOS) */ = {isa = PBXBuildFile; fileRef = FREFCAEA43C1C6B94940A1C8 /* TVWatchlistView.swift */; };
		TVOB925CB6EC2DA549D1AF60 /* TVSearchView.swift in Sources (tvOS) */ = {isa = PBXBuildFile; fileRef = FREF418F57C5BD09436486DA /* TVSearchView.swift */; };
		TVOBF4E237BE09CE4CD1A1E0 /* Assets.xcassets in Resources (tvOS) */ = {isa = PBXBuildFile; fileRef = FREF9A535E36F1D142C3A013 /* Assets.xcassets */; };
/* End PBXBuildFile section */

/* Begin PBXFileReference section */
		FREF77F74E9A16BC4ADE92B1 /* MediaType.swift */ = {isa = PBXFileReference; lastKnownFileType = sourcecode.swift; path = "MediaType.swift"; sourceTree = "<group>"; };
		FREFAC0CC0A4FA3C474792A5 /* StreamingProvider.swift */ = {isa = PBXFileReference; lastKnownFileType = sourcecode.swift; path = "StreamingProvider.swift"; sourceTree = "<group>"; };
		FREF075F444453354878BD12 /* VideoTrailer.swift */ = {isa = PBXFileReference; lastKnownFileType = sourcecode.swift; path = "VideoTrailer.swift"; sourceTree = "<group>"; };
		FREF2DFAF13FB8DF40A0A53A /* CastMember.swift */ = {isa = PBXFileReference; lastKnownFileType = sourcecode.swift; path = "CastMember.swift"; sourceTree = "<group>"; };
		FREF7CB19925A4EF46DE8789 /* MediaItem.swift */ = {isa = PBXFileReference; lastKnownFileType = sourcecode.swift; path = "MediaItem.swift"; sourceTree = "<group>"; };
		FREF05F19D0CFFCF4A1D91D8 /* WatchlistRecord.swift */ = {isa = PBXFileReference; lastKnownFileType = sourcecode.swift; path = "WatchlistRecord.swift"; sourceTree = "<group>"; };
		FREF9C7BE885212D41C6AD96 /* GenreCategory.swift */ = {isa = PBXFileReference; lastKnownFileType = sourcecode.swift; path = "GenreCategory.swift"; sourceTree = "<group>"; };
		FREF3867AE11267444C595D0 /* TMDBService.swift */ = {isa = PBXFileReference; lastKnownFileType = sourcecode.swift; path = "TMDBService.swift"; sourceTree = "<group>"; };
		FREF050DAD5A40F44405BF1D /* WatchlistStore.swift */ = {isa = PBXFileReference; lastKnownFileType = sourcecode.swift; path = "WatchlistStore.swift"; sourceTree = "<group>"; };
		FREFFE401627DF5242429D4C /* DiscoveryEngine.swift */ = {isa = PBXFileReference; lastKnownFileType = sourcecode.swift; path = "DiscoveryEngine.swift"; sourceTree = "<group>"; };
		FREF75B483C8500B4DFE94D5 /* CachedAsyncImage.swift */ = {isa = PBXFileReference; lastKnownFileType = sourcecode.swift; path = "CachedAsyncImage.swift"; sourceTree = "<group>"; };
		FREF35FB191624DD488C968B /* RatingBadge.swift */ = {isa = PBXFileReference; lastKnownFileType = sourcecode.swift; path = "RatingBadge.swift"; sourceTree = "<group>"; };
		FREFBF25CF3BA140416992F6 /* StreamingProviderPill.swift */ = {isa = PBXFileReference; lastKnownFileType = sourcecode.swift; path = "StreamingProviderPill.swift"; sourceTree = "<group>"; };
		FREF495CF5BA693B4F21BAD0 /* PosterCardView.swift */ = {isa = PBXFileReference; lastKnownFileType = sourcecode.swift; path = "PosterCardView.swift"; sourceTree = "<group>"; };
		FREFA16C56E633A54083A14E /* BackdropCardView.swift */ = {isa = PBXFileReference; lastKnownFileType = sourcecode.swift; path = "BackdropCardView.swift"; sourceTree = "<group>"; };
		FREFD8A8045ECE6A4A1BA417 /* TopTenCardView.swift */ = {isa = PBXFileReference; lastKnownFileType = sourcecode.swift; path = "TopTenCardView.swift"; sourceTree = "<group>"; };
		FREFC2431C10E67445A499AE /* StreamingPlatformTileView.swift */ = {isa = PBXFileReference; lastKnownFileType = sourcecode.swift; path = "StreamingPlatformTileView.swift"; sourceTree = "<group>"; };
		FREF7955F475B517494D85FF /* GenrePhotoCardView.swift */ = {isa = PBXFileReference; lastKnownFileType = sourcecode.swift; path = "GenrePhotoCardView.swift"; sourceTree = "<group>"; };
		FREF036DAF0A5F5D45A9884C /* AnodeApp.swift */ = {isa = PBXFileReference; lastKnownFileType = sourcecode.swift; path = "AnodeApp.swift"; sourceTree = "<group>"; };
		FREF3A67031082F84117BBDB /* MainTabView.swift */ = {isa = PBXFileReference; lastKnownFileType = sourcecode.swift; path = "MainTabView.swift"; sourceTree = "<group>"; };
		FREF999DF30954244BEE931A /* DiscoverView.swift */ = {isa = PBXFileReference; lastKnownFileType = sourcecode.swift; path = "DiscoverView.swift"; sourceTree = "<group>"; };
		FREFE349FDDAC5664886B857 /* StreamingPulseView.swift */ = {isa = PBXFileReference; lastKnownFileType = sourcecode.swift; path = "StreamingPulseView.swift"; sourceTree = "<group>"; };
		FREF07E14ADD5C0C40B7AF3E /* SearchView.swift */ = {isa = PBXFileReference; lastKnownFileType = sourcecode.swift; path = "SearchView.swift"; sourceTree = "<group>"; };
		FREFBC5B0B1842294D92A756 /* WatchlistView.swift */ = {isa = PBXFileReference; lastKnownFileType = sourcecode.swift; path = "WatchlistView.swift"; sourceTree = "<group>"; };
		FREF9FEB35BA75274925B1C6 /* MediaDetailView.swift */ = {isa = PBXFileReference; lastKnownFileType = sourcecode.swift; path = "MediaDetailView.swift"; sourceTree = "<group>"; };
		FREF626D07F1D7764E8D8185 /* AnodeTVApp.swift */ = {isa = PBXFileReference; lastKnownFileType = sourcecode.swift; path = "AnodeTVApp.swift"; sourceTree = "<group>"; };
		FREF90C17042A046465390A1 /* TVHomeView.swift */ = {isa = PBXFileReference; lastKnownFileType = sourcecode.swift; path = "TVHomeView.swift"; sourceTree = "<group>"; };
		FREFBBCD300CBB144E618889 /* TVMediaCardView.swift */ = {isa = PBXFileReference; lastKnownFileType = sourcecode.swift; path = "TVMediaCardView.swift"; sourceTree = "<group>"; };
		FREFD5EF0F6F32A743EFACC8 /* TVMediaDetailView.swift */ = {isa = PBXFileReference; lastKnownFileType = sourcecode.swift; path = "TVMediaDetailView.swift"; sourceTree = "<group>"; };
		FREFCAEA43C1C6B94940A1C8 /* TVWatchlistView.swift */ = {isa = PBXFileReference; lastKnownFileType = sourcecode.swift; path = "TVWatchlistView.swift"; sourceTree = "<group>"; };
		FREF418F57C5BD09436486DA /* TVSearchView.swift */ = {isa = PBXFileReference; lastKnownFileType = sourcecode.swift; path = "TVSearchView.swift"; sourceTree = "<group>"; };
		FREFAD0BACF606A84CD0BA0C /* Assets.xcassets */ = {isa = PBXFileReference; lastKnownFileType = folder.assetcatalog; path = Assets.xcassets; sourceTree = "<group>"; };
		FREF9A535E36F1D142C3A013 /* Assets.xcassets */ = {isa = PBXFileReference; lastKnownFileType = folder.assetcatalog; path = Assets.xcassets; sourceTree = "<group>"; };
		FREF7B20BAE084AA439EB623 /* Info.plist */ = {isa = PBXFileReference; lastKnownFileType = text.plist.xml; path = Info.plist; sourceTree = "<group>"; };
		FREFB9D36C973CEB49FD9DC1 /* Info.plist */ = {isa = PBXFileReference; lastKnownFileType = text.plist.xml; path = Info.plist; sourceTree = "<group>"; };
		PRD100692D3BAB544CFEA86F /* Anode.app */ = {isa = PBXFileReference; explicitFileType = wrapper.application; includeInIndex = 0; path = Anode.app; sourceTree = BUILT_PRODUCTS_DIR; };
		PRD2D2939A6C51D64946B256 /* Anode-tvOS.app */ = {isa = PBXFileReference; explicitFileType = wrapper.application; includeInIndex = 0; path = "Anode-tvOS.app"; sourceTree = BUILT_PRODUCTS_DIR; };
/* End PBXFileReference section */

/* Begin PBXFrameworksBuildPhase section */
		PHF18C4C5C57ED5F4B5D817D /* Frameworks (iOS) */ = {isa = PBXFrameworksBuildPhase; buildActionMask = 2147483647; files = (); runOnlyForDeploymentPostprocessing = 0; };
		PHF212FA307AE2B041C19C75 /* Frameworks (tvOS) */ = {isa = PBXFrameworksBuildPhase; buildActionMask = 2147483647; files = (); runOnlyForDeploymentPostprocessing = 0; };
/* End PBXFrameworksBuildPhase section */

/* Begin PBXGroup section */
		MGRP003B7C4D5D664B1CB28D = {
			isa = PBXGroup;
			children = (
				SGRP59FA16FF10A546C29B3A /* Shared */,
				IOGPF8CA82B2C27F40F69DB3 /* iOS */,
				TVGP1DC6480A43F1476EBAAC /* tvOS */,
				PRGP334223AE4EAB43BD80ED /* Products */,
			);
		sourceTree = "<group>";
		};
		SGRP59FA16FF10A546C29B3A /* Shared */ = {
			isa = PBXGroup;
			children = (
				MOGP70743CF260024A488A47 /* Models */,
				SRGPC9A6901DBFA645FD8537 /* Services */,
				CPGP35C128CE468A48C6ADFD /* Components */,
			);
			path = Shared;
			sourceTree = "<group>";
		};
		MOGP70743CF260024A488A47 /* Models */ = {
			isa = PBXGroup;
			children = (
				FREF77F74E9A16BC4ADE92B1 /* MediaType.swift */,
				FREFAC0CC0A4FA3C474792A5 /* StreamingProvider.swift */,
				FREF075F444453354878BD12 /* VideoTrailer.swift */,
				FREF2DFAF13FB8DF40A0A53A /* CastMember.swift */,
				FREF7CB19925A4EF46DE8789 /* MediaItem.swift */,
				FREF05F19D0CFFCF4A1D91D8 /* WatchlistRecord.swift */,
				FREF9C7BE885212D41C6AD96 /* GenreCategory.swift */,
			);
			path = Models;
			sourceTree = "<group>";
		};
		SRGPC9A6901DBFA645FD8537 /* Services */ = {
			isa = PBXGroup;
			children = (
				FREF3867AE11267444C595D0 /* TMDBService.swift */,
				FREF050DAD5A40F44405BF1D /* WatchlistStore.swift */,
				FREFFE401627DF5242429D4C /* DiscoveryEngine.swift */,
			);
			path = Services;
			sourceTree = "<group>";
		};
		CPGP35C128CE468A48C6ADFD /* Components */ = {
			isa = PBXGroup;
			children = (
				FREF75B483C8500B4DFE94D5 /* CachedAsyncImage.swift */,
				FREF35FB191624DD488C968B /* RatingBadge.swift */,
				FREFBF25CF3BA140416992F6 /* StreamingProviderPill.swift */,
				FREF495CF5BA693B4F21BAD0 /* PosterCardView.swift */,
				FREFA16C56E633A54083A14E /* BackdropCardView.swift */,
				FREFD8A8045ECE6A4A1BA417 /* TopTenCardView.swift */,
				FREFC2431C10E67445A499AE /* StreamingPlatformTileView.swift */,
				FREF7955F475B517494D85FF /* GenrePhotoCardView.swift */,
			);
			path = Components;
			sourceTree = "<group>";
		};
		IOGPF8CA82B2C27F40F69DB3 /* iOS */ = {
			isa = PBXGroup;
			children = (
				FREF036DAF0A5F5D45A9884C /* AnodeApp.swift */,
				IVGP84B82E1107D1448C90C7 /* Views */,
				FREFAD0BACF606A84CD0BA0C /* Assets.xcassets */,
				FREF7B20BAE084AA439EB623 /* Info.plist */,
			);
			path = iOS;
			sourceTree = "<group>";
		};
		IVGP84B82E1107D1448C90C7 /* Views */ = {
			isa = PBXGroup;
			children = (
				FREF3A67031082F84117BBDB /* MainTabView.swift */,
				FREF999DF30954244BEE931A /* DiscoverView.swift */,
				FREFE349FDDAC5664886B857 /* StreamingPulseView.swift */,
				FREF07E14ADD5C0C40B7AF3E /* SearchView.swift */,
				FREFBC5B0B1842294D92A756 /* WatchlistView.swift */,
				FREF9FEB35BA75274925B1C6 /* MediaDetailView.swift */,
			);
			path = Views;
			sourceTree = "<group>";
		};
		TVGP1DC6480A43F1476EBAAC /* tvOS */ = {
			isa = PBXGroup;
			children = (
				FREF626D07F1D7764E8D8185 /* AnodeTVApp.swift */,
				TVVG461C5D821F764259BADC /* Views */,
				FREF9A535E36F1D142C3A013 /* Assets.xcassets */,
				FREFB9D36C973CEB49FD9DC1 /* Info.plist */,
			);
			path = tvOS;
			sourceTree = "<group>";
		};
		TVVG461C5D821F764259BADC /* Views */ = {
			isa = PBXGroup;
			children = (
				FREF90C17042A046465390A1 /* TVHomeView.swift */,
				FREFBBCD300CBB144E618889 /* TVMediaCardView.swift */,
				FREFD5EF0F6F32A743EFACC8 /* TVMediaDetailView.swift */,
				FREFCAEA43C1C6B94940A1C8 /* TVWatchlistView.swift */,
				FREF418F57C5BD09436486DA /* TVSearchView.swift */,
			);
			path = Views;
			sourceTree = "<group>";
		};
		PRGP334223AE4EAB43BD80ED /* Products */ = {
			isa = PBXGroup;
			children = (
				PRD100692D3BAB544CFEA86F /* Anode.app */,
				PRD2D2939A6C51D64946B256 /* Anode-tvOS.app */,
			);
			name = Products;
			sourceTree = "<group>";
		};
/* End PBXGroup section */

/* Begin PBXNativeTarget section */
		TRG11CFA70DE1D0640068969 /* Anode-iOS */ = {
			isa = PBXNativeTarget;
			buildConfigurationList = ICL19A9E4F7498CB4F91961D /* Build configuration list for PBXNativeTarget "Anode-iOS" */;
			buildPhases = (
				PHS135E78ADB92F842F78EC4 /* Sources */,
				PHF18C4C5C57ED5F4B5D817D /* Frameworks */,
				PHR1AB2D6B3B72964558BABC /* Resources */,
			);
			buildRules = (
			);
			dependencies = (
			);
			name = "Anode-iOS";
			productName = "Anode";
			productReference = PRD100692D3BAB544CFEA86F /* Anode.app */;
			productType = "com.apple.product-type.application";
		};
		TRG22D040592DC7342BB80F9 /* Anode-tvOS */ = {
			isa = PBXNativeTarget;
			buildConfigurationList = TCL25F0099E577D0490F999A /* Build configuration list for PBXNativeTarget "Anode-tvOS" */;
			buildPhases = (
				PHS2310625C2BA9C4BB19171 /* Sources */,
				PHF212FA307AE2B041C19C75 /* Frameworks */,
				PHR25D25BD1A96F747399FA7 /* Resources */,
			);
			buildRules = (
			);
			dependencies = (
			);
			name = "Anode-tvOS";
			productName = "Anode-tvOS";
			productReference = PRD2D2939A6C51D64946B256 /* Anode-tvOS.app */;
			productType = "com.apple.product-type.application";
		};
/* End PBXNativeTarget section */

/* Begin PBXProject section */
		PROJCB09C49ADFCF4971A90D /* Project object */ = {
			isa = PBXProject;
			attributes = {
				BuildIndependentTargetsInParallel = 1;
				LastUpgradeCheck = 1600;
				TargetAttributes = {
					TRG11CFA70DE1D0640068969 = {
						CreatedOnToolsVersion = 16.0;
					};
					TRG22D040592DC7342BB80F9 = {
						CreatedOnToolsVersion = 16.0;
					};
				};
			};
			buildConfigurationList = PCLFAFF5CB03E14F46EDAAC4 /* Build configuration list for PBXProject "Anode" */;
			compatibilityVersion = "Xcode 14.0";
			developmentRegion = en;
			hasScannedForEncodings = 0;
			knownRegions = (
				en,
				Base,
			);
			mainGroup = MGRP003B7C4D5D664B1CB28D;
			productRefGroup = PRGP334223AE4EAB43BD80ED /* Products */;
			projectDirPath = "";
			projectRoot = "";
			targets = (
				TRG11CFA70DE1D0640068969 /* Anode-iOS */,
				TRG22D040592DC7342BB80F9 /* Anode-tvOS */,
			);
		};
/* End PBXProject section */

/* Begin PBXResourcesBuildPhase section */
		PHR1AB2D6B3B72964558BABC /* Resources (iOS) */ = {
			isa = PBXResourcesBuildPhase;
			buildActionMask = 2147483647;
			files = (
				IOSB34E63D8659144F99BDD6 /* Assets.xcassets in Resources */,
			);
			runOnlyForDeploymentPostprocessing = 0;
		};
		PHR25D25BD1A96F747399FA7 /* Resources (tvOS) */ = {
			isa = PBXResourcesBuildPhase;
			buildActionMask = 2147483647;
			files = (
				TVOBF4E237BE09CE4CD1A1E0 /* Assets.xcassets in Resources */,
			);
			runOnlyForDeploymentPostprocessing = 0;
		};
/* End PBXResourcesBuildPhase section */

/* Begin PBXSourcesBuildPhase section */
		PHS135E78ADB92F842F78EC4 /* Sources (iOS) */ = {
			isa = PBXSourcesBuildPhase;
			buildActionMask = 2147483647;
			files = (
				IOSBDED39BF6D3A445989368 /* MediaType.swift in Sources */,
				IOSB1096946A50414BB28B5B /* StreamingProvider.swift in Sources */,
				IOSBB1ECE7CB3F7C475C9863 /* VideoTrailer.swift in Sources */,
				IOSBFABCA36C56D84A4EB4ED /* CastMember.swift in Sources */,
				IOSB2C2769BE7A734FC9A5F1 /* MediaItem.swift in Sources */,
				IOSB15ABCD5DCEA642C9B694 /* WatchlistRecord.swift in Sources */,
				IOSB37094F900FC3472D92B5 /* GenreCategory.swift in Sources */,
				IOSB4292FA077C024D518C04 /* TMDBService.swift in Sources */,
				IOSB8FEC7498956F4A0F8F62 /* WatchlistStore.swift in Sources */,
				IOSBAC8BBCCA0CBA44F994CE /* DiscoveryEngine.swift in Sources */,
				IOSB8B20B1D20F6E4F7883A9 /* CachedAsyncImage.swift in Sources */,
				IOSBDEFE281766FD406D94CF /* RatingBadge.swift in Sources */,
				IOSBF7A15DE95F0C4685AA1E /* StreamingProviderPill.swift in Sources */,
				IOSBE879F63F346D48BC9B97 /* PosterCardView.swift in Sources */,
				IOSB7D9543D1FDF447BA9558 /* BackdropCardView.swift in Sources */,
				IOSB27C9A537A1954FAC86E2 /* TopTenCardView.swift in Sources */,
				IOSBA413792218BE4BFD82CC /* StreamingPlatformTileView.swift in Sources */,
				IOSB69106EF81AAC4413B59F /* GenrePhotoCardView.swift in Sources */,
				IOSB104D0FC057B04D0B875C /* AnodeApp.swift in Sources */,
				IOSBD4605ED48A4E4847BACC /* MainTabView.swift in Sources */,
				IOSBD77736401F7C463CBC89 /* DiscoverView.swift in Sources */,
				IOSB71D438B8F25C49A38E2F /* StreamingPulseView.swift in Sources */,
				IOSBE12DCF5A52F3438EA683 /* SearchView.swift in Sources */,
				IOSB6980E03B7C964F75B1C2 /* WatchlistView.swift in Sources */,
				IOSB4B4D52F8173E465BA899 /* MediaDetailView.swift in Sources */,
			);
			runOnlyForDeploymentPostprocessing = 0;
		};
		PHS2310625C2BA9C4BB19171 /* Sources (tvOS) */ = {
			isa = PBXSourcesBuildPhase;
			buildActionMask = 2147483647;
			files = (
				TVOB65DA74C6AACF4D97B76A /* MediaType.swift in Sources */,
				TVOB720F1BD3725741D3A086 /* StreamingProvider.swift in Sources */,
				TVOB069BDD944E594880A0FF /* VideoTrailer.swift in Sources */,
				TVOB8258FD092EED46D0A10D /* CastMember.swift in Sources */,
				TVOB8BF370FA027C4B9A8CF9 /* MediaItem.swift in Sources */,
				TVOB49FA24B7B6F940C3B95E /* WatchlistRecord.swift in Sources */,
				TVOB5E1A9EA030814999A7A9 /* GenreCategory.swift in Sources */,
				TVOB01E5274306EB4991A17E /* TMDBService.swift in Sources */,
				TVOB73DB9AD66CC94D99B004 /* WatchlistStore.swift in Sources */,
				TVOB9DF2371604144D05B3AD /* DiscoveryEngine.swift in Sources */,
				TVOB31C84F5190F84631AF7B /* CachedAsyncImage.swift in Sources */,
				TVOB5C8BD03763CD41E79641 /* RatingBadge.swift in Sources */,
				TVOB26733A8AB24A4283AB92 /* StreamingProviderPill.swift in Sources */,
				TVOB9D3FDE40E0FA4DAC8962 /* PosterCardView.swift in Sources */,
				TVOBC027EDE47C73426E88B8 /* BackdropCardView.swift in Sources */,
				TVOBF6AC9ACFA5724A07B4A2 /* TopTenCardView.swift in Sources */,
				TVOBD3EBBC4B231F4144BF8D /* StreamingPlatformTileView.swift in Sources */,
				TVOB49A717DDC84748C1A79A /* GenrePhotoCardView.swift in Sources */,
				TVOBB9C269A2CBE54F84B9D3 /* AnodeTVApp.swift in Sources */,
				TVOB2D5C74CBE16B4864BD81 /* TVHomeView.swift in Sources */,
				TVOBFCBC3C1348CF4E6FA2EA /* TVMediaCardView.swift in Sources */,
				TVOB4A2A211EEE8647D29040 /* TVMediaDetailView.swift in Sources */,
				TVOB3B413E7BB5F84D54B667 /* TVWatchlistView.swift in Sources */,
				TVOB925CB6EC2DA549D1AF60 /* TVSearchView.swift in Sources */,
			);
			runOnlyForDeploymentPostprocessing = 0;
		};
/* End PBXSourcesBuildPhase section */

/* Begin XCBuildConfiguration section */
		PDCFCB0FB00A2727430FA6CD /* Debug */ = {
			isa = XCBuildConfiguration;
			buildSettings = {
				ALWAYS_SEARCH_USER_PATHS = NO;
				CLANG_ANALYZER_NONNULL = YES;
				CLANG_CXX_LANGUAGE_STANDARD = "gnu++20";
				CLANG_ENABLE_MODULES = YES;
				CLANG_ENABLE_OBJC_ARC = YES;
				COPY_PHASE_STRIP = NO;
				DEBUG_INFORMATION_FORMAT = dwarf;
				ENABLE_STRICT_OBJC_MSGSEND = YES;
				ENABLE_TESTABILITY = YES;
				GCC_DYNAMIC_NO_PIC = NO;
				GCC_OPTIMIZATION_LEVEL = 0;
				GCC_PREPROCESSOR_DEFINITIONS = (
					"DEBUG=1",
					"$(inherited)",
				);
				MTL_ENABLE_DEBUG_INFO = INCLUDE_SOURCE;
				ONLY_ACTIVE_ARCH = YES;
				SWIFT_ACTIVE_COMPILATION_CONDITIONS = DEBUG;
				SWIFT_OPTIMIZATION_LEVEL = "-Onone";
				SWIFT_VERSION = 5.0;
			};
			name = Debug;
		};
		PRCF53842DB75BC540D89BED /* Release */ = {
			isa = XCBuildConfiguration;
			buildSettings = {
				ALWAYS_SEARCH_USER_PATHS = NO;
				CLANG_ANALYZER_NONNULL = YES;
				CLANG_CXX_LANGUAGE_STANDARD = "gnu++20";
				CLANG_ENABLE_MODULES = YES;
				CLANG_ENABLE_OBJC_ARC = YES;
				COPY_PHASE_STRIP = NO;
				DEBUG_INFORMATION_FORMAT = "dwarf-with-dsym";
				ENABLE_NS_ASSERTIONS = NO;
				ENABLE_STRICT_OBJC_MSGSEND = YES;
				GCC_NO_COMMON_BLOCKS = YES;
				MTL_ENABLE_DEBUG_INFO = NO;
				SWIFT_COMPILATION_MODE = "wholemodule";
				SWIFT_OPTIMIZATION_LEVEL = "-O";
				SWIFT_VERSION = 5.0;
			};
			name = Release;
		};
		IDC1AB0FF263B7F347C49198 /* Debug (iOS) */ = {
			isa = XCBuildConfiguration;
			buildSettings = {
				ASSETCATALOG_COMPILER_APPICON_NAME = AppIcon;
				ASSETCATALOG_COMPILER_GLOBAL_ACCENT_COLOR_NAME = AccentColor;
				CODE_SIGN_STYLE = Automatic;
				CURRENT_PROJECT_VERSION = 1;
				DEVELOPMENT_TEAM = "";
				ENABLE_PREVIEWS = YES;
				GENERATE_INFOPLIST_FILE = NO;
				INFOPLIST_FILE = "iOS/Info.plist";
				IPHONEOS_DEPLOYMENT_TARGET = 17.0;
				LD_RUNPATH_SEARCH_PATHS = "$(inherited) @executable_path/Frameworks";
				MARKETING_VERSION = 1.0.0;
				PRODUCT_BUNDLE_IDENTIFIER = dev.anode.ios;
				PRODUCT_NAME = "$(TARGET_NAME)";
				SDKROOT = iphoneos;
				SUPPORTED_PLATFORMS = "iphoneos iphonesimulator";
				SWIFT_VERSION = 5.0;
				TARGETED_DEVICE_FAMILY = "1,2";
			};
			name = Debug;
		};
		IRC129F9C5F2B2B44087B132 /* Release (iOS) */ = {
			isa = XCBuildConfiguration;
			buildSettings = {
				ASSETCATALOG_COMPILER_APPICON_NAME = AppIcon;
				ASSETCATALOG_COMPILER_GLOBAL_ACCENT_COLOR_NAME = AccentColor;
				CODE_SIGN_STYLE = Automatic;
				CURRENT_PROJECT_VERSION = 1;
				DEVELOPMENT_TEAM = "";
				ENABLE_PREVIEWS = YES;
				GENERATE_INFOPLIST_FILE = NO;
				INFOPLIST_FILE = "iOS/Info.plist";
				IPHONEOS_DEPLOYMENT_TARGET = 17.0;
				LD_RUNPATH_SEARCH_PATHS = "$(inherited) @executable_path/Frameworks";
				MARKETING_VERSION = 1.0.0;
				PRODUCT_BUNDLE_IDENTIFIER = dev.anode.ios;
				PRODUCT_NAME = "$(TARGET_NAME)";
				SDKROOT = iphoneos;
				SUPPORTED_PLATFORMS = "iphoneos iphonesimulator";
				SWIFT_VERSION = 5.0;
				TARGETED_DEVICE_FAMILY = "1,2";
			};
			name = Release;
		};
		TDC2A4D26CE3670A4108BB23 /* Debug (tvOS) */ = {
			isa = XCBuildConfiguration;
			buildSettings = {
				ASSETCATALOG_COMPILER_APPICON_NAME = AppIcon;
				ASSETCATALOG_COMPILER_GLOBAL_ACCENT_COLOR_NAME = AccentColor;
				CODE_SIGN_STYLE = Automatic;
				CURRENT_PROJECT_VERSION = 1;
				DEVELOPMENT_TEAM = "";
				ENABLE_PREVIEWS = YES;
				GENERATE_INFOPLIST_FILE = NO;
				INFOPLIST_FILE = "tvOS/Info.plist";
				TVOS_DEPLOYMENT_TARGET = 17.0;
				LD_RUNPATH_SEARCH_PATHS = "$(inherited) @executable_path/Frameworks";
				MARKETING_VERSION = 1.0.0;
				PRODUCT_BUNDLE_IDENTIFIER = dev.anode.tvos;
				PRODUCT_NAME = "$(TARGET_NAME)";
				SDKROOT = appletvos;
				SUPPORTED_PLATFORMS = "appletvos appletvsimulator";
				SWIFT_VERSION = 5.0;
				TARGETED_DEVICE_FAMILY = "3";
			};
			name = Debug;
		};
		TRC22C5B50F464344BD597B9 /* Release (tvOS) */ = {
			isa = XCBuildConfiguration;
			buildSettings = {
				ASSETCATALOG_COMPILER_APPICON_NAME = AppIcon;
				ASSETCATALOG_COMPILER_GLOBAL_ACCENT_COLOR_NAME = AccentColor;
				CODE_SIGN_STYLE = Automatic;
				CURRENT_PROJECT_VERSION = 1;
				DEVELOPMENT_TEAM = "";
				ENABLE_PREVIEWS = YES;
				GENERATE_INFOPLIST_FILE = NO;
				INFOPLIST_FILE = "tvOS/Info.plist";
				TVOS_DEPLOYMENT_TARGET = 17.0;
				LD_RUNPATH_SEARCH_PATHS = "$(inherited) @executable_path/Frameworks";
				MARKETING_VERSION = 1.0.0;
				PRODUCT_BUNDLE_IDENTIFIER = dev.anode.tvos;
				PRODUCT_NAME = "$(TARGET_NAME)";
				SDKROOT = appletvos;
				SUPPORTED_PLATFORMS = "appletvos appletvsimulator";
				SWIFT_VERSION = 5.0;
				TARGETED_DEVICE_FAMILY = "3";
			};
			name = Release;
		};
/* End XCBuildConfiguration section */

/* Begin XCConfigurationList section */
		PCLFAFF5CB03E14F46EDAAC4 /* Build configuration list for PBXProject "Anode" */ = {
			isa = XCConfigurationList;
			buildConfigurations = (
				PDCFCB0FB00A2727430FA6CD /* Debug */,
				PRCF53842DB75BC540D89BED /* Release */,
			);
			defaultConfigurationIsVisible = 0;
			defaultConfigurationName = Release;
		};
		ICL19A9E4F7498CB4F91961D /* Build configuration list for PBXNativeTarget "Anode-iOS" */ = {
			isa = XCConfigurationList;
			buildConfigurations = (
				IDC1AB0FF263B7F347C49198 /* Debug */,
				IRC129F9C5F2B2B44087B132 /* Release */,
			);
			defaultConfigurationIsVisible = 0;
			defaultConfigurationName = Release;
		};
		TCL25F0099E577D0490F999A /* Build configuration list for PBXNativeTarget "Anode-tvOS" */ = {
			isa = XCConfigurationList;
			buildConfigurations = (
				TDC2A4D26CE3670A4108BB23 /* Debug */,
				TRC22C5B50F464344BD597B9 /* Release */,
			);
			defaultConfigurationIsVisible = 0;
			defaultConfigurationName = Release;
		};
/* End XCConfigurationList section */
	};
	rootObject = PROJCB09C49ADFCF4971A90D /* Project object */;
}
