// !$*UTF8*$!
{
	archiveVersion = 1;
	classes = {
	};
	objectVersion = 56;
	objects = {

/* Begin PBXBuildFile section */
		IOSB3BBDAEAFC54C49BCA687 /* MediaType.swift in Sources (iOS) */ = {isa = PBXBuildFile; fileRef = FREF732C9CDB31834290B983 /* MediaType.swift */; };
		IOSBF60D9FDB7882432891D3 /* StreamingProvider.swift in Sources (iOS) */ = {isa = PBXBuildFile; fileRef = FREF04655373D6164E6C890C /* StreamingProvider.swift */; };
		IOSB7154624B88D7476E96B6 /* VideoTrailer.swift in Sources (iOS) */ = {isa = PBXBuildFile; fileRef = FREFA46A2AFBE81A46D0B75A /* VideoTrailer.swift */; };
		IOSB60326FBE27934323A25C /* CastMember.swift in Sources (iOS) */ = {isa = PBXBuildFile; fileRef = FREFFA19E252C0A44804BF6D /* CastMember.swift */; };
		IOSBDCBB57F043C74797B20A /* MediaItem.swift in Sources (iOS) */ = {isa = PBXBuildFile; fileRef = FREF212616034B9045AA8807 /* MediaItem.swift */; };
		IOSB5C47DF0898584BDB9D8B /* WatchlistRecord.swift in Sources (iOS) */ = {isa = PBXBuildFile; fileRef = FREF17FDC0105116478C84B0 /* WatchlistRecord.swift */; };
		IOSB5C47DF0898584BDB9D8C /* TVEpisode.swift in Sources (iOS) */ = {isa = PBXBuildFile; fileRef = FREF17FDC0105116478C84B1 /* TVEpisode.swift */; };
		IOSB4E828CBA143A48B1B02C /* GenreCategory.swift in Sources (iOS) */ = {isa = PBXBuildFile; fileRef = FREF64BBF282F6CA412B910A /* GenreCategory.swift */; };
		IOSBAB1C6797B9E2425DA2E9 /* WatchAvailability.swift in Sources (iOS) */ = {isa = PBXBuildFile; fileRef = FREF24D1169AEADC4C1E8454 /* WatchAvailability.swift */; };
		IOSBED9B53FFB3704EEBB70C /* ContentProvider.swift in Sources (iOS) */ = {isa = PBXBuildFile; fileRef = FREF19E336AD5B27415A91E8 /* ContentProvider.swift */; };
		IOSB1D86BD59DF09453C9496 /* TMDBService.swift in Sources (iOS) */ = {isa = PBXBuildFile; fileRef = FREF8EB9E9CE4AD34987B1E7 /* TMDBService.swift */; };
		IOSBDD9B4F0B1AB44E20B679 /* WatchlistStore.swift in Sources (iOS) */ = {isa = PBXBuildFile; fileRef = FREFC6DDA326702C405F9EF9 /* WatchlistStore.swift */; };
		IOSB700CE2C0861144AAB2A4 /* DiscoveryEngine.swift in Sources (iOS) */ = {isa = PBXBuildFile; fileRef = FREFC3D6442FC1074D15BE1F /* DiscoveryEngine.swift */; };
		IOSB325A70A9B16F4CA5907A /* CachedAsyncImage.swift in Sources (iOS) */ = {isa = PBXBuildFile; fileRef = FREFEF15A74153104D19AA78 /* CachedAsyncImage.swift */; };
		IOSB8D397B71A1144BF09C1E /* RatingBadge.swift in Sources (iOS) */ = {isa = PBXBuildFile; fileRef = FREF490025F17A154DC69333 /* RatingBadge.swift */; };
		IOSB4DD950FDC7C747C1BF3A /* StreamingProviderPill.swift in Sources (iOS) */ = {isa = PBXBuildFile; fileRef = FREFB893CFE4AA654E4E81FE /* StreamingProviderPill.swift */; };
		IOSB2C654B9369C248429944 /* PosterCardView.swift in Sources (iOS) */ = {isa = PBXBuildFile; fileRef = FREF7BE60936052A432594CE /* PosterCardView.swift */; };
		IOSBBFEE2D018B3744C09934 /* BackdropCardView.swift in Sources (iOS) */ = {isa = PBXBuildFile; fileRef = FREFA592F158FDCF4E4E82AD /* BackdropCardView.swift */; };
		IOSBE804BA4246DE432DBF71 /* TopTenCardView.swift in Sources (iOS) */ = {isa = PBXBuildFile; fileRef = FREFFDCF17F6CD5B47F9BA16 /* TopTenCardView.swift */; };
		IOSBFEB3704606614EE29729 /* StreamingPlatformTileView.swift in Sources (iOS) */ = {isa = PBXBuildFile; fileRef = FREFD360A3A2F2F24D6BA5D2 /* StreamingPlatformTileView.swift */; };
		IOSBEBC6C9A4D1734AB3A087 /* GenrePhotoCardView.swift in Sources (iOS) */ = {isa = PBXBuildFile; fileRef = FREF622DE4AC52A14047BC10 /* GenrePhotoCardView.swift */; };
		IOSB98DA284B2D004FF09315 /* AnodeApp.swift in Sources (iOS) */ = {isa = PBXBuildFile; fileRef = FREFE0288B617C4F4D9A98B6 /* AnodeApp.swift */; };
		IOSB9124BD1DC82B4820877A /* MainTabView.swift in Sources (iOS) */ = {isa = PBXBuildFile; fileRef = FREF71334C7AF4BF4D73ABC7 /* MainTabView.swift */; };
		IOSB46212FE4305843449F1D /* DiscoverView.swift in Sources (iOS) */ = {isa = PBXBuildFile; fileRef = FREF5B886DCDD7F54EAB9966 /* DiscoverView.swift */; };
		IOSBD082C07779184E91801B /* StreamingPulseView.swift in Sources (iOS) */ = {isa = PBXBuildFile; fileRef = FREF1E5E383007474D71BFE5 /* StreamingPulseView.swift */; };
		IOSB098ADF5344684F338610 /* SearchView.swift in Sources (iOS) */ = {isa = PBXBuildFile; fileRef = FREF90905C87536E4E468B62 /* SearchView.swift */; };
		IOSB19A9B596EDC446D5BF45 /* WatchlistView.swift in Sources (iOS) */ = {isa = PBXBuildFile; fileRef = FREF9A78C10794D940E49900 /* WatchlistView.swift */; };
		IOSB150F81BE3A2F4C92ABD4 /* MediaDetailView.swift in Sources (iOS) */ = {isa = PBXBuildFile; fileRef = FREF8911B02FB4DD4AFF9396 /* MediaDetailView.swift */; };
		IOSBC3E9E4D1A49849F4A958 /* Assets.xcassets in Resources (iOS) */ = {isa = PBXBuildFile; fileRef = FREF8C2ED763F679458BA7E8 /* Assets.xcassets */; };
		TVOB4676A97E3AFF41A4B938 /* MediaType.swift in Sources (tvOS) */ = {isa = PBXBuildFile; fileRef = FREF732C9CDB31834290B983 /* MediaType.swift */; };
		TVOB376B5B7A56AF41B791BD /* StreamingProvider.swift in Sources (tvOS) */ = {isa = PBXBuildFile; fileRef = FREF04655373D6164E6C890C /* StreamingProvider.swift */; };
		TVOB785C39BB518C4E708485 /* VideoTrailer.swift in Sources (tvOS) */ = {isa = PBXBuildFile; fileRef = FREFA46A2AFBE81A46D0B75A /* VideoTrailer.swift */; };
		TVOB2BE7B6811D6C44E3A02F /* CastMember.swift in Sources (tvOS) */ = {isa = PBXBuildFile; fileRef = FREFFA19E252C0A44804BF6D /* CastMember.swift */; };
		TVOB4CC2D569B73E4E55BAE2 /* MediaItem.swift in Sources (tvOS) */ = {isa = PBXBuildFile; fileRef = FREF212616034B9045AA8807 /* MediaItem.swift */; };
		TVOBD04E6C606CFC4D1BA80F /* WatchlistRecord.swift in Sources (tvOS) */ = {isa = PBXBuildFile; fileRef = FREF17FDC0105116478C84B0 /* WatchlistRecord.swift */; };
		TVOBD04E6C606CFC4D1BA80E /* TVEpisode.swift in Sources (tvOS) */ = {isa = PBXBuildFile; fileRef = FREF17FDC0105116478C84B1 /* TVEpisode.swift */; };
		TVOB0503B0644C824C44BD36 /* GenreCategory.swift in Sources (tvOS) */ = {isa = PBXBuildFile; fileRef = FREF64BBF282F6CA412B910A /* GenreCategory.swift */; };
		TVOBAE0FA8FF77904E70A46C /* WatchAvailability.swift in Sources (tvOS) */ = {isa = PBXBuildFile; fileRef = FREF24D1169AEADC4C1E8454 /* WatchAvailability.swift */; };
		TVOB5B512F1159774BB4B472 /* ContentProvider.swift in Sources (tvOS) */ = {isa = PBXBuildFile; fileRef = FREF19E336AD5B27415A91E8 /* ContentProvider.swift */; };
		TVOB4B3C0D63A420454A9E24 /* TMDBService.swift in Sources (tvOS) */ = {isa = PBXBuildFile; fileRef = FREF8EB9E9CE4AD34987B1E7 /* TMDBService.swift */; };
		TVOBC2199248E4B74EBFB47D /* WatchlistStore.swift in Sources (tvOS) */ = {isa = PBXBuildFile; fileRef = FREFC6DDA326702C405F9EF9 /* WatchlistStore.swift */; };
		TVOB53F2ABBB18F74E7C8699 /* DiscoveryEngine.swift in Sources (tvOS) */ = {isa = PBXBuildFile; fileRef = FREFC3D6442FC1074D15BE1F /* DiscoveryEngine.swift */; };
		TVOB0E927D4265194CE9980E /* CachedAsyncImage.swift in Sources (tvOS) */ = {isa = PBXBuildFile; fileRef = FREFEF15A74153104D19AA78 /* CachedAsyncImage.swift */; };
		TVOB800FC0FDD5844A439E79 /* RatingBadge.swift in Sources (tvOS) */ = {isa = PBXBuildFile; fileRef = FREF490025F17A154DC69333 /* RatingBadge.swift */; };
		TVOBC06E709DC5EA451E9816 /* StreamingProviderPill.swift in Sources (tvOS) */ = {isa = PBXBuildFile; fileRef = FREFB893CFE4AA654E4E81FE /* StreamingProviderPill.swift */; };
		TVOBE3B0BEC255614FA6A500 /* PosterCardView.swift in Sources (tvOS) */ = {isa = PBXBuildFile; fileRef = FREF7BE60936052A432594CE /* PosterCardView.swift */; };
		TVOBE737683F09CD45B388C4 /* BackdropCardView.swift in Sources (tvOS) */ = {isa = PBXBuildFile; fileRef = FREFA592F158FDCF4E4E82AD /* BackdropCardView.swift */; };
		TVOB26E4A43F35E64BFF88FC /* TopTenCardView.swift in Sources (tvOS) */ = {isa = PBXBuildFile; fileRef = FREFFDCF17F6CD5B47F9BA16 /* TopTenCardView.swift */; };
		TVOB53CD9325A91142E48759 /* StreamingPlatformTileView.swift in Sources (tvOS) */ = {isa = PBXBuildFile; fileRef = FREFD360A3A2F2F24D6BA5D2 /* StreamingPlatformTileView.swift */; };
		TVOB1D9910A27224493BA3BB /* GenrePhotoCardView.swift in Sources (tvOS) */ = {isa = PBXBuildFile; fileRef = FREF622DE4AC52A14047BC10 /* GenrePhotoCardView.swift */; };
		TVOBF1D8D8BE113C41DA8015 /* AnodeTVApp.swift in Sources (tvOS) */ = {isa = PBXBuildFile; fileRef = FREFB64CC132146841748882 /* AnodeTVApp.swift */; };
		TVOBE2DC2BD7F5D14EE69663 /* TVHomeView.swift in Sources (tvOS) */ = {isa = PBXBuildFile; fileRef = FREFB976DA1440F044EF80BB /* TVHomeView.swift */; };
		TVOB08DBEE5E893A4E21A593 /* TVMediaCardView.swift in Sources (tvOS) */ = {isa = PBXBuildFile; fileRef = FREF5D9D55632D6D499DA01E /* TVMediaCardView.swift */; };
		TVOBBF6536A8E64F4D9291DD /* TVLandscapeCardView.swift in Sources (tvOS) */ = {isa = PBXBuildFile; fileRef = FREF6C7E5955C3734A72BA0A /* TVLandscapeCardView.swift */; };
		TVOBD4029E6DE26D45CC819A /* TVSkeletonCardView.swift in Sources (tvOS) */ = {isa = PBXBuildFile; fileRef = FREF0FE9B553C5A141E2BA3B /* TVSkeletonCardView.swift */; };
		TVOB0D2AF4D44B8E482484A0 /* TVCinemaView.swift in Sources (tvOS) */ = {isa = PBXBuildFile; fileRef = FREFCEECD67B1DDF43859098 /* TVCinemaView.swift */; };
		TVOB68BFB08891F44BDDAC77 /* TVStreamingHubView.swift in Sources (tvOS) */ = {isa = PBXBuildFile; fileRef = FREFDE4BD117646240C19361 /* TVStreamingHubView.swift */; };
		TVOB0EBA1F89A93B46E1A2D9 /* TVCategoryBrowseView.swift in Sources (tvOS) */ = {isa = PBXBuildFile; fileRef = FREF929D9B36FDB74B7DBEA3 /* TVCategoryBrowseView.swift */; };
		TVOB89A395573E0A41499533 /* TVMediaDetailView.swift in Sources (tvOS) */ = {isa = PBXBuildFile; fileRef = FREF9AA8648081814E9BB207 /* TVMediaDetailView.swift */; };
		TVOBE9E901BBF310491196A8 /* TVWatchlistView.swift in Sources (tvOS) */ = {isa = PBXBuildFile; fileRef = FREF44602350DE8B459382E4 /* TVWatchlistView.swift */; };
		TVOB9139315854484C3FB848 /* TVSearchView.swift in Sources (tvOS) */ = {isa = PBXBuildFile; fileRef = FREF773D6854C2AA4180958A /* TVSearchView.swift */; };
		TVOB51239AB67890CDEF1001 /* TVDiscoveryView.swift in Sources (tvOS) */ = {isa = PBXBuildFile; fileRef = FREF51239AB67890CDEF1001 /* TVDiscoveryView.swift */; };
		TVOB51239AB67890CDEF1002 /* TVSettingsView.swift in Sources (tvOS) */ = {isa = PBXBuildFile; fileRef = FREF51239AB67890CDEF1002 /* TVSettingsView.swift */; };
		TVOB148FED12605349AAAFE6 /* Assets.xcassets in Resources (tvOS) */ = {isa = PBXBuildFile; fileRef = FREFD38EDF69570846AEB5F9 /* Assets.xcassets */; };
/* End PBXBuildFile section */

/* Begin PBXFileReference section */
		FREF732C9CDB31834290B983 /* MediaType.swift */ = {isa = PBXFileReference; lastKnownFileType = sourcecode.swift; path = "MediaType.swift"; sourceTree = "<group>"; };
		FREF04655373D6164E6C890C /* StreamingProvider.swift */ = {isa = PBXFileReference; lastKnownFileType = sourcecode.swift; path = "StreamingProvider.swift"; sourceTree = "<group>"; };
		FREFA46A2AFBE81A46D0B75A /* VideoTrailer.swift */ = {isa = PBXFileReference; lastKnownFileType = sourcecode.swift; path = "VideoTrailer.swift"; sourceTree = "<group>"; };
		FREFFA19E252C0A44804BF6D /* CastMember.swift */ = {isa = PBXFileReference; lastKnownFileType = sourcecode.swift; path = "CastMember.swift"; sourceTree = "<group>"; };
		FREF212616034B9045AA8807 /* MediaItem.swift */ = {isa = PBXFileReference; lastKnownFileType = sourcecode.swift; path = "MediaItem.swift"; sourceTree = "<group>"; };
		FREF17FDC0105116478C84B0 /* WatchlistRecord.swift */ = {isa = PBXFileReference; lastKnownFileType = sourcecode.swift; path = "WatchlistRecord.swift"; sourceTree = "<group>"; };
		FREF17FDC0105116478C84B1 /* TVEpisode.swift */ = {isa = PBXFileReference; lastKnownFileType = sourcecode.swift; path = "TVEpisode.swift"; sourceTree = "<group>"; };
		FREF64BBF282F6CA412B910A /* GenreCategory.swift */ = {isa = PBXFileReference; lastKnownFileType = sourcecode.swift; path = "GenreCategory.swift"; sourceTree = "<group>"; };
		FREF24D1169AEADC4C1E8454 /* WatchAvailability.swift */ = {isa = PBXFileReference; lastKnownFileType = sourcecode.swift; path = "WatchAvailability.swift"; sourceTree = "<group>"; };
		FREF19E336AD5B27415A91E8 /* ContentProvider.swift */ = {isa = PBXFileReference; lastKnownFileType = sourcecode.swift; path = "ContentProvider.swift"; sourceTree = "<group>"; };
		FREF8EB9E9CE4AD34987B1E7 /* TMDBService.swift */ = {isa = PBXFileReference; lastKnownFileType = sourcecode.swift; path = "TMDBService.swift"; sourceTree = "<group>"; };
		FREFC6DDA326702C405F9EF9 /* WatchlistStore.swift */ = {isa = PBXFileReference; lastKnownFileType = sourcecode.swift; path = "WatchlistStore.swift"; sourceTree = "<group>"; };
		FREFC3D6442FC1074D15BE1F /* DiscoveryEngine.swift */ = {isa = PBXFileReference; lastKnownFileType = sourcecode.swift; path = "DiscoveryEngine.swift"; sourceTree = "<group>"; };
		FREFEF15A74153104D19AA78 /* CachedAsyncImage.swift */ = {isa = PBXFileReference; lastKnownFileType = sourcecode.swift; path = "CachedAsyncImage.swift"; sourceTree = "<group>"; };
		FREF490025F17A154DC69333 /* RatingBadge.swift */ = {isa = PBXFileReference; lastKnownFileType = sourcecode.swift; path = "RatingBadge.swift"; sourceTree = "<group>"; };
		FREFB893CFE4AA654E4E81FE /* StreamingProviderPill.swift */ = {isa = PBXFileReference; lastKnownFileType = sourcecode.swift; path = "StreamingProviderPill.swift"; sourceTree = "<group>"; };
		FREF7BE60936052A432594CE /* PosterCardView.swift */ = {isa = PBXFileReference; lastKnownFileType = sourcecode.swift; path = "PosterCardView.swift"; sourceTree = "<group>"; };
		FREFA592F158FDCF4E4E82AD /* BackdropCardView.swift */ = {isa = PBXFileReference; lastKnownFileType = sourcecode.swift; path = "BackdropCardView.swift"; sourceTree = "<group>"; };
		FREFFDCF17F6CD5B47F9BA16 /* TopTenCardView.swift */ = {isa = PBXFileReference; lastKnownFileType = sourcecode.swift; path = "TopTenCardView.swift"; sourceTree = "<group>"; };
		FREFD360A3A2F2F24D6BA5D2 /* StreamingPlatformTileView.swift */ = {isa = PBXFileReference; lastKnownFileType = sourcecode.swift; path = "StreamingPlatformTileView.swift"; sourceTree = "<group>"; };
		FREF622DE4AC52A14047BC10 /* GenrePhotoCardView.swift */ = {isa = PBXFileReference; lastKnownFileType = sourcecode.swift; path = "GenrePhotoCardView.swift"; sourceTree = "<group>"; };
		FREFE0288B617C4F4D9A98B6 /* AnodeApp.swift */ = {isa = PBXFileReference; lastKnownFileType = sourcecode.swift; path = "AnodeApp.swift"; sourceTree = "<group>"; };
		FREF71334C7AF4BF4D73ABC7 /* MainTabView.swift */ = {isa = PBXFileReference; lastKnownFileType = sourcecode.swift; path = "MainTabView.swift"; sourceTree = "<group>"; };
		FREF5B886DCDD7F54EAB9966 /* DiscoverView.swift */ = {isa = PBXFileReference; lastKnownFileType = sourcecode.swift; path = "DiscoverView.swift"; sourceTree = "<group>"; };
		FREF1E5E383007474D71BFE5 /* StreamingPulseView.swift */ = {isa = PBXFileReference; lastKnownFileType = sourcecode.swift; path = "StreamingPulseView.swift"; sourceTree = "<group>"; };
		FREF90905C87536E4E468B62 /* SearchView.swift */ = {isa = PBXFileReference; lastKnownFileType = sourcecode.swift; path = "SearchView.swift"; sourceTree = "<group>"; };
		FREF9A78C10794D940E49900 /* WatchlistView.swift */ = {isa = PBXFileReference; lastKnownFileType = sourcecode.swift; path = "WatchlistView.swift"; sourceTree = "<group>"; };
		FREF8911B02FB4DD4AFF9396 /* MediaDetailView.swift */ = {isa = PBXFileReference; lastKnownFileType = sourcecode.swift; path = "MediaDetailView.swift"; sourceTree = "<group>"; };
		FREFB64CC132146841748882 /* AnodeTVApp.swift */ = {isa = PBXFileReference; lastKnownFileType = sourcecode.swift; path = "AnodeTVApp.swift"; sourceTree = "<group>"; };
		FREFB976DA1440F044EF80BB /* TVHomeView.swift */ = {isa = PBXFileReference; lastKnownFileType = sourcecode.swift; path = "TVHomeView.swift"; sourceTree = "<group>"; };
		FREF5D9D55632D6D499DA01E /* TVMediaCardView.swift */ = {isa = PBXFileReference; lastKnownFileType = sourcecode.swift; path = "TVMediaCardView.swift"; sourceTree = "<group>"; };
		FREF6C7E5955C3734A72BA0A /* TVLandscapeCardView.swift */ = {isa = PBXFileReference; lastKnownFileType = sourcecode.swift; path = "TVLandscapeCardView.swift"; sourceTree = "<group>"; };
		FREF0FE9B553C5A141E2BA3B /* TVSkeletonCardView.swift */ = {isa = PBXFileReference; lastKnownFileType = sourcecode.swift; path = "TVSkeletonCardView.swift"; sourceTree = "<group>"; };
		FREFCEECD67B1DDF43859098 /* TVCinemaView.swift */ = {isa = PBXFileReference; lastKnownFileType = sourcecode.swift; path = "TVCinemaView.swift"; sourceTree = "<group>"; };
		FREFDE4BD117646240C19361 /* TVStreamingHubView.swift */ = {isa = PBXFileReference; lastKnownFileType = sourcecode.swift; path = "TVStreamingHubView.swift"; sourceTree = "<group>"; };
		FREF929D9B36FDB74B7DBEA3 /* TVCategoryBrowseView.swift */ = {isa = PBXFileReference; lastKnownFileType = sourcecode.swift; path = "TVCategoryBrowseView.swift"; sourceTree = "<group>"; };
		FREF9AA8648081814E9BB207 /* TVMediaDetailView.swift */ = {isa = PBXFileReference; lastKnownFileType = sourcecode.swift; path = "TVMediaDetailView.swift"; sourceTree = "<group>"; };
		FREF44602350DE8B459382E4 /* TVWatchlistView.swift */ = {isa = PBXFileReference; lastKnownFileType = sourcecode.swift; path = "TVWatchlistView.swift"; sourceTree = "<group>"; };
		FREF773D6854C2AA4180958A /* TVSearchView.swift */ = {isa = PBXFileReference; lastKnownFileType = sourcecode.swift; path = "TVSearchView.swift"; sourceTree = "<group>"; };
		FREF51239AB67890CDEF1001 /* TVDiscoveryView.swift */ = {isa = PBXFileReference; lastKnownFileType = sourcecode.swift; path = "TVDiscoveryView.swift"; sourceTree = "<group>"; };
		FREF51239AB67890CDEF1002 /* TVSettingsView.swift */ = {isa = PBXFileReference; lastKnownFileType = sourcecode.swift; path = "TVSettingsView.swift"; sourceTree = "<group>"; };
		FREF8C2ED763F679458BA7E8 /* Assets.xcassets */ = {isa = PBXFileReference; lastKnownFileType = folder.assetcatalog; path = Assets.xcassets; sourceTree = "<group>"; };
		FREFD38EDF69570846AEB5F9 /* Assets.xcassets */ = {isa = PBXFileReference; lastKnownFileType = folder.assetcatalog; path = Assets.xcassets; sourceTree = "<group>"; };
		FREF84FE8A0D17D4483CACA5 /* Info.plist */ = {isa = PBXFileReference; lastKnownFileType = text.plist.xml; path = Info.plist; sourceTree = "<group>"; };
		FREFCF29FE0420F44A1BAEF4 /* Info.plist */ = {isa = PBXFileReference; lastKnownFileType = text.plist.xml; path = Info.plist; sourceTree = "<group>"; };
		PRD1878D0BAC9136437BA147 /* Anode.app */ = {isa = PBXFileReference; explicitFileType = wrapper.application; includeInIndex = 0; path = Anode.app; sourceTree = BUILT_PRODUCTS_DIR; };
		PRD23DFEA996879E4032983A /* Anode-tvOS.app */ = {isa = PBXFileReference; explicitFileType = wrapper.application; includeInIndex = 0; path = "Anode-tvOS.app"; sourceTree = BUILT_PRODUCTS_DIR; };
/* End PBXFileReference section */

/* Begin PBXFrameworksBuildPhase section */
		PHF1CCCE8FA1A8F64761AAC6 /* Frameworks (iOS) */ = {isa = PBXFrameworksBuildPhase; buildActionMask = 2147483647; files = (); runOnlyForDeploymentPostprocessing = 0; };
		PHF220CBB28DA9194B2EABDA /* Frameworks (tvOS) */ = {isa = PBXFrameworksBuildPhase; buildActionMask = 2147483647; files = (); runOnlyForDeploymentPostprocessing = 0; };
/* End PBXFrameworksBuildPhase section */

/* Begin PBXGroup section */
		MGRP7CC89FEEEC764E318B07 = {
			isa = PBXGroup;
			children = (
				SGRPB9135C0102E34B28BDB5 /* Shared */,
				IOGPC3F72A3BEE9D4F4D8656 /* iOS */,
				TVGPEE4CFD53B0D74A269C7E /* tvOS */,
				PRGPF1CD8F9A846A4A438C0C /* Products */,
			);
		sourceTree = "<group>";
		};
		SGRPB9135C0102E34B28BDB5 /* Shared */ = {
			isa = PBXGroup;
			children = (
				MOGP6C7427E354CB4F31B3EE /* Models */,
				SRGPFD788F4837354451891F /* Services */,
				CPGP23CE040136E34A188D96 /* Components */,
			);
			path = Shared;
			sourceTree = "<group>";
		};
		MOGP6C7427E354CB4F31B3EE /* Models */ = {
			isa = PBXGroup;
			children = (
				FREF732C9CDB31834290B983 /* MediaType.swift */,
				FREF04655373D6164E6C890C /* StreamingProvider.swift */,
				FREFA46A2AFBE81A46D0B75A /* VideoTrailer.swift */,
				FREFFA19E252C0A44804BF6D /* CastMember.swift */,
				FREF212616034B9045AA8807 /* MediaItem.swift */,
				FREF17FDC0105116478C84B0 /* WatchlistRecord.swift */,
				FREF17FDC0105116478C84B1 /* TVEpisode.swift */,
				FREF64BBF282F6CA412B910A /* GenreCategory.swift */,
				FREF24D1169AEADC4C1E8454 /* WatchAvailability.swift */,
			);
			path = Models;
			sourceTree = "<group>";
		};
		SRGPFD788F4837354451891F /* Services */ = {
			isa = PBXGroup;
			children = (
				FREF19E336AD5B27415A91E8 /* ContentProvider.swift */,
				FREF8EB9E9CE4AD34987B1E7 /* TMDBService.swift */,
				FREFC6DDA326702C405F9EF9 /* WatchlistStore.swift */,
				FREFC3D6442FC1074D15BE1F /* DiscoveryEngine.swift */,
			);
			path = Services;
			sourceTree = "<group>";
		};
		CPGP23CE040136E34A188D96 /* Components */ = {
			isa = PBXGroup;
			children = (
				FREFEF15A74153104D19AA78 /* CachedAsyncImage.swift */,
				FREF490025F17A154DC69333 /* RatingBadge.swift */,
				FREFB893CFE4AA654E4E81FE /* StreamingProviderPill.swift */,
				FREF7BE60936052A432594CE /* PosterCardView.swift */,
				FREFA592F158FDCF4E4E82AD /* BackdropCardView.swift */,
				FREFFDCF17F6CD5B47F9BA16 /* TopTenCardView.swift */,
				FREFD360A3A2F2F24D6BA5D2 /* StreamingPlatformTileView.swift */,
				FREF622DE4AC52A14047BC10 /* GenrePhotoCardView.swift */,
			);
			path = Components;
			sourceTree = "<group>";
		};
		IOGPC3F72A3BEE9D4F4D8656 /* iOS */ = {
			isa = PBXGroup;
			children = (
				FREFE0288B617C4F4D9A98B6 /* AnodeApp.swift */,
				IVGP299B854472F84F2A9690 /* Views */,
				FREF8C2ED763F679458BA7E8 /* Assets.xcassets */,
				FREF84FE8A0D17D4483CACA5 /* Info.plist */,
			);
			path = iOS;
			sourceTree = "<group>";
		};
		IVGP299B854472F84F2A9690 /* Views */ = {
			isa = PBXGroup;
			children = (
				FREF71334C7AF4BF4D73ABC7 /* MainTabView.swift */,
				FREF5B886DCDD7F54EAB9966 /* DiscoverView.swift */,
				FREF1E5E383007474D71BFE5 /* StreamingPulseView.swift */,
				FREF90905C87536E4E468B62 /* SearchView.swift */,
				FREF9A78C10794D940E49900 /* WatchlistView.swift */,
				FREF8911B02FB4DD4AFF9396 /* MediaDetailView.swift */,
			);
			path = Views;
			sourceTree = "<group>";
		};
		TVGPEE4CFD53B0D74A269C7E /* tvOS */ = {
			isa = PBXGroup;
			children = (
				FREFB64CC132146841748882 /* AnodeTVApp.swift */,
				TVVGA2EDE777F5E34A1CA047 /* Views */,
				FREFD38EDF69570846AEB5F9 /* Assets.xcassets */,
				FREFCF29FE0420F44A1BAEF4 /* Info.plist */,
			);
			path = tvOS;
			sourceTree = "<group>";
		};
		TVVGA2EDE777F5E34A1CA047 /* Views */ = {
			isa = PBXGroup;
			children = (
				FREFB976DA1440F044EF80BB /* TVHomeView.swift */,
				FREF5D9D55632D6D499DA01E /* TVMediaCardView.swift */,
				FREF6C7E5955C3734A72BA0A /* TVLandscapeCardView.swift */,
				FREF0FE9B553C5A141E2BA3B /* TVSkeletonCardView.swift */,
				FREFCEECD67B1DDF43859098 /* TVCinemaView.swift */,
				FREFDE4BD117646240C19361 /* TVStreamingHubView.swift */,
				FREF929D9B36FDB74B7DBEA3 /* TVCategoryBrowseView.swift */,
				FREF9AA8648081814E9BB207 /* TVMediaDetailView.swift */,
				FREF44602350DE8B459382E4 /* TVWatchlistView.swift */,
				FREF773D6854C2AA4180958A /* TVSearchView.swift */,
				FREF51239AB67890CDEF1001 /* TVDiscoveryView.swift */,
				FREF51239AB67890CDEF1002 /* TVSettingsView.swift */,
			);
			path = Views;
			sourceTree = "<group>";
		};
		PRGPF1CD8F9A846A4A438C0C /* Products */ = {
			isa = PBXGroup;
			children = (
				PRD1878D0BAC9136437BA147 /* Anode.app */,
				PRD23DFEA996879E4032983A /* Anode-tvOS.app */,
			);
			name = Products;
			sourceTree = "<group>";
		};
/* End PBXGroup section */

/* Begin PBXNativeTarget section */
		TRG1CA7746E858AE4B7A9C34 /* Anode-iOS */ = {
			isa = PBXNativeTarget;
			buildConfigurationList = ICL1BBFAEEC6428F48E9AEEB /* Build configuration list for PBXNativeTarget "Anode-iOS" */;
			buildPhases = (
				PHS1DE45405DD561414FA6D5 /* Sources */,
				PHF1CCCE8FA1A8F64761AAC6 /* Frameworks */,
				PHR1C9D198D725474D46BE2B /* Resources */,
			);
			buildRules = (
			);
			dependencies = (
			);
			name = "Anode-iOS";
			productName = "Anode";
			productReference = PRD1878D0BAC9136437BA147 /* Anode.app */;
			productType = "com.apple.product-type.application";
		};
		TRG275EA4222B74A4DA2902A /* Anode-tvOS */ = {
			isa = PBXNativeTarget;
			buildConfigurationList = TCL277B85322B67E45CB832A /* Build configuration list for PBXNativeTarget "Anode-tvOS" */;
			buildPhases = (
				PHS210A0BD07F4F34F2590BA /* Sources */,
				PHF220CBB28DA9194B2EABDA /* Frameworks */,
				PHR215B2AAF643E2418484B8 /* Resources */,
			);
			buildRules = (
			);
			dependencies = (
			);
			name = "Anode-tvOS";
			productName = "Anode-tvOS";
			productReference = PRD23DFEA996879E4032983A /* Anode-tvOS.app */;
			productType = "com.apple.product-type.application";
		};
/* End PBXNativeTarget section */

/* Begin PBXProject section */
		PROJ453AFF49BCBE4AF4955C /* Project object */ = {
			isa = PBXProject;
			attributes = {
				BuildIndependentTargetsInParallel = 1;
				LastUpgradeCheck = 1600;
				TargetAttributes = {
					TRG1CA7746E858AE4B7A9C34 = {
						CreatedOnToolsVersion = 16.0;
					};
					TRG275EA4222B74A4DA2902A = {
						CreatedOnToolsVersion = 16.0;
					};
				};
			};
			buildConfigurationList = PCLF4DC2CCC42B0D4E60B51D /* Build configuration list for PBXProject "Anode" */;
			compatibilityVersion = "Xcode 14.0";
			developmentRegion = en;
			hasScannedForEncodings = 0;
			knownRegions = (
				en,
				Base,
			);
			mainGroup = MGRP7CC89FEEEC764E318B07;
			productRefGroup = PRGPF1CD8F9A846A4A438C0C /* Products */;
			projectDirPath = "";
			projectRoot = "";
			targets = (
				TRG1CA7746E858AE4B7A9C34 /* Anode-iOS */,
				TRG275EA4222B74A4DA2902A /* Anode-tvOS */,
			);
		};
/* End PBXProject section */

/* Begin PBXResourcesBuildPhase section */
		PHR1C9D198D725474D46BE2B /* Resources (iOS) */ = {
			isa = PBXResourcesBuildPhase;
			buildActionMask = 2147483647;
			files = (
				IOSBC3E9E4D1A49849F4A958 /* Assets.xcassets in Resources */,
			);
			runOnlyForDeploymentPostprocessing = 0;
		};
		PHR215B2AAF643E2418484B8 /* Resources (tvOS) */ = {
			isa = PBXResourcesBuildPhase;
			buildActionMask = 2147483647;
			files = (
				TVOB148FED12605349AAAFE6 /* Assets.xcassets in Resources */,
			);
			runOnlyForDeploymentPostprocessing = 0;
		};
/* End PBXResourcesBuildPhase section */

/* Begin PBXSourcesBuildPhase section */
		PHS1DE45405DD561414FA6D5 /* Sources (iOS) */ = {
			isa = PBXSourcesBuildPhase;
			buildActionMask = 2147483647;
			files = (
				IOSB3BBDAEAFC54C49BCA687 /* MediaType.swift in Sources */,
				IOSBF60D9FDB7882432891D3 /* StreamingProvider.swift in Sources */,
				IOSB7154624B88D7476E96B6 /* VideoTrailer.swift in Sources */,
				IOSB60326FBE27934323A25C /* CastMember.swift in Sources */,
				IOSBDCBB57F043C74797B20A /* MediaItem.swift in Sources */,
				IOSB5C47DF0898584BDB9D8B /* WatchlistRecord.swift in Sources */,
				IOSB5C47DF0898584BDB9D8C /* TVEpisode.swift in Sources */,
				IOSB4E828CBA143A48B1B02C /* GenreCategory.swift in Sources */,
				IOSBAB1C6797B9E2425DA2E9 /* WatchAvailability.swift in Sources */,
				IOSBED9B53FFB3704EEBB70C /* ContentProvider.swift in Sources */,
				IOSB1D86BD59DF09453C9496 /* TMDBService.swift in Sources */,
				IOSBDD9B4F0B1AB44E20B679 /* WatchlistStore.swift in Sources */,
				IOSB700CE2C0861144AAB2A4 /* DiscoveryEngine.swift in Sources */,
				IOSB325A70A9B16F4CA5907A /* CachedAsyncImage.swift in Sources */,
				IOSB8D397B71A1144BF09C1E /* RatingBadge.swift in Sources */,
				IOSB4DD950FDC7C747C1BF3A /* StreamingProviderPill.swift in Sources */,
				IOSB2C654B9369C248429944 /* PosterCardView.swift in Sources */,
				IOSBBFEE2D018B3744C09934 /* BackdropCardView.swift in Sources */,
				IOSBE804BA4246DE432DBF71 /* TopTenCardView.swift in Sources */,
				IOSBFEB3704606614EE29729 /* StreamingPlatformTileView.swift in Sources */,
				IOSBEBC6C9A4D1734AB3A087 /* GenrePhotoCardView.swift in Sources */,
				IOSB98DA284B2D004FF09315 /* AnodeApp.swift in Sources */,
				IOSB9124BD1DC82B4820877A /* MainTabView.swift in Sources */,
				IOSB46212FE4305843449F1D /* DiscoverView.swift in Sources */,
				IOSBD082C07779184E91801B /* StreamingPulseView.swift in Sources */,
				IOSB098ADF5344684F338610 /* SearchView.swift in Sources */,
				IOSB19A9B596EDC446D5BF45 /* WatchlistView.swift in Sources */,
				IOSB150F81BE3A2F4C92ABD4 /* MediaDetailView.swift in Sources */,
			);
			runOnlyForDeploymentPostprocessing = 0;
		};
		PHS210A0BD07F4F34F2590BA /* Sources (tvOS) */ = {
			isa = PBXSourcesBuildPhase;
			buildActionMask = 2147483647;
			files = (
				TVOB4676A97E3AFF41A4B938 /* MediaType.swift in Sources */,
				TVOB376B5B7A56AF41B791BD /* StreamingProvider.swift in Sources */,
				TVOB785C39BB518C4E708485 /* VideoTrailer.swift in Sources */,
				TVOB2BE7B6811D6C44E3A02F /* CastMember.swift in Sources */,
				TVOB4CC2D569B73E4E55BAE2 /* MediaItem.swift in Sources */,
				TVOBD04E6C606CFC4D1BA80F /* WatchlistRecord.swift in Sources */,
				TVOBD04E6C606CFC4D1BA80E /* TVEpisode.swift in Sources */,
				TVOB0503B0644C824C44BD36 /* GenreCategory.swift in Sources */,
				TVOBAE0FA8FF77904E70A46C /* WatchAvailability.swift in Sources */,
				TVOB5B512F1159774BB4B472 /* ContentProvider.swift in Sources */,
				TVOB4B3C0D63A420454A9E24 /* TMDBService.swift in Sources */,
				TVOBC2199248E4B74EBFB47D /* WatchlistStore.swift in Sources */,
				TVOB53F2ABBB18F74E7C8699 /* DiscoveryEngine.swift in Sources */,
				TVOB0E927D4265194CE9980E /* CachedAsyncImage.swift in Sources */,
				TVOB800FC0FDD5844A439E79 /* RatingBadge.swift in Sources */,
				TVOBC06E709DC5EA451E9816 /* StreamingProviderPill.swift in Sources */,
				TVOBE3B0BEC255614FA6A500 /* PosterCardView.swift in Sources */,
				TVOBE737683F09CD45B388C4 /* BackdropCardView.swift in Sources */,
				TVOB26E4A43F35E64BFF88FC /* TopTenCardView.swift in Sources */,
				TVOB53CD9325A91142E48759 /* StreamingPlatformTileView.swift in Sources */,
				TVOB1D9910A27224493BA3BB /* GenrePhotoCardView.swift in Sources */,
				TVOBF1D8D8BE113C41DA8015 /* AnodeTVApp.swift in Sources */,
				TVOBE2DC2BD7F5D14EE69663 /* TVHomeView.swift in Sources */,
				TVOB08DBEE5E893A4E21A593 /* TVMediaCardView.swift in Sources */,
				TVOBBF6536A8E64F4D9291DD /* TVLandscapeCardView.swift in Sources */,
				TVOBD4029E6DE26D45CC819A /* TVSkeletonCardView.swift in Sources */,
				TVOB0D2AF4D44B8E482484A0 /* TVCinemaView.swift in Sources */,
				TVOB68BFB08891F44BDDAC77 /* TVStreamingHubView.swift in Sources */,
				TVOB0EBA1F89A93B46E1A2D9 /* TVCategoryBrowseView.swift in Sources */,
				TVOB89A395573E0A41499533 /* TVMediaDetailView.swift in Sources */,
				TVOBE9E901BBF310491196A8 /* TVWatchlistView.swift in Sources */,
				TVOB9139315854484C3FB848 /* TVSearchView.swift in Sources */,
				TVOB51239AB67890CDEF1001 /* TVDiscoveryView.swift in Sources */,
				TVOB51239AB67890CDEF1002 /* TVSettingsView.swift in Sources */,
			);
			runOnlyForDeploymentPostprocessing = 0;
		};
/* End PBXSourcesBuildPhase section */

/* Begin XCBuildConfiguration section */
		PDCF4BC9B2061A6044A0A4BD /* Debug */ = {
			isa = XCBuildConfiguration;
			buildSettings = {
				ALWAYS_SEARCH_USER_PATHS = NO;
				CLANG_ANALYZER_NONNULL = YES;
				CLANG_CXX_LANGUAGE_STANDARD = "gnu++20";
				CLANG_ENABLE_MODULES = YES;
				CLANG_ENABLE_OBJC_ARC = YES;
				COPY_PHASE_STRIP = NO;
				DEBUG_INFORMATION_FORMAT = dwarf;
				ENABLE_STRICT_OBJC_MSGSEND = YES;
				ENABLE_TESTABILITY = YES;
				GCC_DYNAMIC_NO_PIC = NO;
				GCC_OPTIMIZATION_LEVEL = 0;
				GCC_PREPROCESSOR_DEFINITIONS = (
					"DEBUG=1",
					"$(inherited)",
				);
				MTL_ENABLE_DEBUG_INFO = INCLUDE_SOURCE;
				ONLY_ACTIVE_ARCH = YES;
				SWIFT_ACTIVE_COMPILATION_CONDITIONS = DEBUG;
				SWIFT_OPTIMIZATION_LEVEL = "-Onone";
				SWIFT_VERSION = 5.0;
			};
			name = Debug;
		};
		PRCF28C764F9F4DB4ACCA3DD /* Release */ = {
			isa = XCBuildConfiguration;
			buildSettings = {
				ALWAYS_SEARCH_USER_PATHS = NO;
				CLANG_ANALYZER_NONNULL = YES;
				CLANG_CXX_LANGUAGE_STANDARD = "gnu++20";
				CLANG_ENABLE_MODULES = YES;
				CLANG_ENABLE_OBJC_ARC = YES;
				COPY_PHASE_STRIP = NO;
				DEBUG_INFORMATION_FORMAT = "dwarf-with-dsym";
				ENABLE_NS_ASSERTIONS = NO;
				ENABLE_STRICT_OBJC_MSGSEND = YES;
				GCC_NO_COMMON_BLOCKS = YES;
				MTL_ENABLE_DEBUG_INFO = NO;
				SWIFT_COMPILATION_MODE = "wholemodule";
				SWIFT_OPTIMIZATION_LEVEL = "-O";
				SWIFT_VERSION = 5.0;
			};
			name = Release;
		};
		IDC1FE3016B1F30E475FA44B /* Debug (iOS) */ = {
			isa = XCBuildConfiguration;
			buildSettings = {
				ASSETCATALOG_COMPILER_APPICON_NAME = AppIcon;
				ASSETCATALOG_COMPILER_GLOBAL_ACCENT_COLOR_NAME = AccentColor;
				CODE_SIGN_STYLE = Automatic;
				CURRENT_PROJECT_VERSION = 1;
				DEVELOPMENT_TEAM = "";
				ENABLE_PREVIEWS = YES;
				GENERATE_INFOPLIST_FILE = NO;
				INFOPLIST_FILE = "iOS/Info.plist";
				IPHONEOS_DEPLOYMENT_TARGET = 17.0;
				LD_RUNPATH_SEARCH_PATHS = "$(inherited) @executable_path/Frameworks";
				MARKETING_VERSION = 1.0.0;
				PRODUCT_BUNDLE_IDENTIFIER = dev.anode.ios;
				PRODUCT_NAME = "$(TARGET_NAME)";
				SDKROOT = iphoneos;
				SUPPORTED_PLATFORMS = "iphoneos iphonesimulator";
				SWIFT_VERSION = 5.0;
				TARGETED_DEVICE_FAMILY = "1,2";
			};
			name = Debug;
		};
		IRC1EA6F96231AC04F0EA373 /* Release (iOS) */ = {
			isa = XCBuildConfiguration;
			buildSettings = {
				ASSETCATALOG_COMPILER_APPICON_NAME = AppIcon;
				ASSETCATALOG_COMPILER_GLOBAL_ACCENT_COLOR_NAME = AccentColor;
				CODE_SIGN_STYLE = Automatic;
				CURRENT_PROJECT_VERSION = 1;
				DEVELOPMENT_TEAM = "";
				ENABLE_PREVIEWS = YES;
				GENERATE_INFOPLIST_FILE = NO;
				INFOPLIST_FILE = "iOS/Info.plist";
				IPHONEOS_DEPLOYMENT_TARGET = 17.0;
				LD_RUNPATH_SEARCH_PATHS = "$(inherited) @executable_path/Frameworks";
				MARKETING_VERSION = 1.0.0;
				PRODUCT_BUNDLE_IDENTIFIER = dev.anode.ios;
				PRODUCT_NAME = "$(TARGET_NAME)";
				SDKROOT = iphoneos;
				SUPPORTED_PLATFORMS = "iphoneos iphonesimulator";
				SWIFT_VERSION = 5.0;
				TARGETED_DEVICE_FAMILY = "1,2";
			};
			name = Release;
		};
		TDC2EE5322BB5900416F983D /* Debug (tvOS) */ = {
			isa = XCBuildConfiguration;
			buildSettings = {
				ASSETCATALOG_COMPILER_APPICON_NAME = AppIcon;
				ASSETCATALOG_COMPILER_GLOBAL_ACCENT_COLOR_NAME = AccentColor;
				CODE_SIGN_STYLE = Automatic;
				CURRENT_PROJECT_VERSION = 1;
				DEVELOPMENT_TEAM = "";
				ENABLE_PREVIEWS = YES;
				GENERATE_INFOPLIST_FILE = NO;
				INFOPLIST_FILE = "tvOS/Info.plist";
				TVOS_DEPLOYMENT_TARGET = 17.0;
				LD_RUNPATH_SEARCH_PATHS = "$(inherited) @executable_path/Frameworks";
				MARKETING_VERSION = 1.0.0;
				PRODUCT_BUNDLE_IDENTIFIER = dev.anode.tvos;
				PRODUCT_NAME = "$(TARGET_NAME)";
				SDKROOT = appletvos;
				SUPPORTED_PLATFORMS = "appletvos appletvsimulator";
				SWIFT_VERSION = 5.0;
				TARGETED_DEVICE_FAMILY = "3";
			};
			name = Debug;
		};
		TRC23E73A7077D404117BF7D /* Release (tvOS) */ = {
			isa = XCBuildConfiguration;
			buildSettings = {
				ASSETCATALOG_COMPILER_APPICON_NAME = AppIcon;
				ASSETCATALOG_COMPILER_GLOBAL_ACCENT_COLOR_NAME = AccentColor;
				CODE_SIGN_STYLE = Automatic;
				CURRENT_PROJECT_VERSION = 1;
				DEVELOPMENT_TEAM = "";
				ENABLE_PREVIEWS = YES;
				GENERATE_INFOPLIST_FILE = NO;
				INFOPLIST_FILE = "tvOS/Info.plist";
				TVOS_DEPLOYMENT_TARGET = 17.0;
				LD_RUNPATH_SEARCH_PATHS = "$(inherited) @executable_path/Frameworks";
				MARKETING_VERSION = 1.0.0;
				PRODUCT_BUNDLE_IDENTIFIER = dev.anode.tvos;
				PRODUCT_NAME = "$(TARGET_NAME)";
				SDKROOT = appletvos;
				SUPPORTED_PLATFORMS = "appletvos appletvsimulator";
				SWIFT_VERSION = 5.0;
				TARGETED_DEVICE_FAMILY = "3";
			};
			name = Release;
		};
/* End XCBuildConfiguration section */

/* Begin XCConfigurationList section */
		PCLF4DC2CCC42B0D4E60B51D /* Build configuration list for PBXProject "Anode" */ = {
			isa = XCConfigurationList;
			buildConfigurations = (
				PDCF4BC9B2061A6044A0A4BD /* Debug */,
				PRCF28C764F9F4DB4ACCA3DD /* Release */,
			);
			defaultConfigurationIsVisible = 0;
			defaultConfigurationName = Release;
		};
		ICL1BBFAEEC6428F48E9AEEB /* Build configuration list for PBXNativeTarget "Anode-iOS" */ = {
			isa = XCConfigurationList;
			buildConfigurations = (
				IDC1FE3016B1F30E475FA44B /* Debug */,
				IRC1EA6F96231AC04F0EA373 /* Release */,
			);
			defaultConfigurationIsVisible = 0;
			defaultConfigurationName = Release;
		};
		TCL277B85322B67E45CB832A /* Build configuration list for PBXNativeTarget "Anode-tvOS" */ = {
			isa = XCConfigurationList;
			buildConfigurations = (
				TDC2EE5322BB5900416F983D /* Debug */,
				TRC23E73A7077D404117BF7D /* Release */,
			);
			defaultConfigurationIsVisible = 0;
			defaultConfigurationName = Release;
		};
/* End XCConfigurationList section */
	};
	rootObject = PROJ453AFF49BCBE4AF4955C /* Project object */;
}
